// !$*UTF8*$!
{
	archiveVersion = 1;
	classes = {
	};
	objectVersion = 50;
	objects = {

/* Begin PBXBuildFile section */
		C086F8DB25BE362D00465A40 /* NSManagedObjectContext+Ext.swift in Sources */ = {isa = PBXBuildFile; fileRef = C086F8DA25BE362D00465A40 /* NSManagedObjectContext+Ext.swift */; };
		C086F8E025BE439800465A40 /* AddOrderViewModel.swift in Sources */ = {isa = PBXBuildFile; fileRef = C086F8DF25BE439800465A40 /* AddOrderViewModel.swift */; };
		C086F8E325BE45AE00465A40 /* AddOrderView.swift in Sources */ = {isa = PBXBuildFile; fileRef = C086F8E225BE45AE00465A40 /* AddOrderView.swift */; };
		C0D9274725BCD605000B70B4 /* AppDelegate.swift in Sources */ = {isa = PBXBuildFile; fileRef = C0D9274625BCD605000B70B4 /* AppDelegate.swift */; };
		C0D9274925BCD605000B70B4 /* SceneDelegate.swift in Sources */ = {isa = PBXBuildFile; fileRef = C0D9274825BCD605000B70B4 /* SceneDelegate.swift */; };
		C0D9274B25BCD605000B70B4 /* ContentView.swift in Sources */ = {isa = PBXBuildFile; fileRef = C0D9274A25BCD605000B70B4 /* ContentView.swift */; };
		C0D9274E25BCD605000B70B4 /* HotCoffeeApp.xcdatamodeld in Sources */ = {isa = PBXBuildFile; fileRef = C0D9274C25BCD605000B70B4 /* HotCoffeeApp.xcdatamodeld */; };
		C0D9275025BCD607000B70B4 /* Assets.xcassets in Resources */ = {isa = PBXBuildFile; fileRef = C0D9274F25BCD607000B70B4 /* Assets.xcassets */; };
		C0D9275325BCD607000B70B4 /* Preview Assets.xcassets in Resources */ = {isa = PBXBuildFile; fileRef = C0D9275225BCD607000B70B4 /* Preview Assets.xcassets */; };
		C0D9275625BCD607000B70B4 /* LaunchScreen.storyboard in Resources */ = {isa = PBXBuildFile; fileRef = C0D9275425BCD607000B70B4 /* LaunchScreen.storyboard */; };
		C0D9275F25BCD7C4000B70B4 /* CoreDataManager.swift in Sources */ = {isa = PBXBuildFile; fileRef = C0D9275E25BCD7C4000B70B4 /* CoreDataManager.swift */; };
/* End PBXBuildFile section */

/* Begin PBXFileReference section */
		C086F8DA25BE362D00465A40 /* NSManagedObjectContext+Ext.swift */ = {isa = PBXFileReference; lastKnownFileType = sourcecode.swift; path = "NSManagedObjectContext+Ext.swift"; sourceTree = "<group>"; };
		C086F8DF25BE439800465A40 /* AddOrderViewModel.swift */ = {isa = PBXFileReference; lastKnownFileType = sourcecode.swift; path = AddOrderViewModel.swift; sourceTree = "<group>"; };
		C086F8E225BE45AE00465A40 /* AddOrderView.swift */ = {isa = PBXFileReference; lastKnownFileType = sourcecode.swift; path = AddOrderView.swift; sourceTree = "<group>"; };
		C0D9274325BCD605000B70B4 /* HotCoffeeApp.app */ = {isa = PBXFileReference; explicitFileType = wrapper.application; includeInIndex = 0; path = HotCoffeeApp.app; sourceTree = BUILT_PRODUCTS_DIR; };
		C0D9274625BCD605000B70B4 /* AppDelegate.swift */ = {isa = PBXFileReference; lastKnownFileType = sourcecode.swift; path = AppDelegate.swift; sourceTree = "<group>"; };
		C0D9274825BCD605000B70B4 /* SceneDelegate.swift */ = {isa = PBXFileReference; lastKnownFileType = sourcecode.swift; path = SceneDelegate.swift; sourceTree = "<group>"; };
		C0D9274A25BCD605000B70B4 /* ContentView.swift */ = {isa = PBXFileReference; lastKnownFileType = sourcecode.swift; path = ContentView.swift; sourceTree = "<group>"; };
		C0D9274D25BCD605000B70B4 /* HotCoffeeApp.xcdatamodel */ = {isa = PBXFileReference; lastKnownFileType = wrapper.xcdatamodel; path = HotCoffeeApp.xcdatamodel; sourceTree = "<group>"; };
		C0D9274F25BCD607000B70B4 /* Assets.xcassets */ = {isa = PBXFileReference; lastKnownFileType = folder.assetcatalog; path = Assets.xcassets; sourceTree = "<group>"; };
		C0D9275225BCD607000B70B4 /* Preview Assets.xcassets */ = {isa = PBXFileReference; lastKnownFileType = folder.assetcatalog; path = "Preview Assets.xcassets"; sourceTree = "<group>"; };
		C0D9275525BCD607000B70B4 /* Base */ = {isa = PBXFileReference; lastKnownFileType = file.storyboard; name = Base; path = Base.lproj/LaunchScreen.storyboard; sourceTree = "<group>"; };
		C0D9275725BCD607000B70B4 /* Info.plist */ = {isa = PBXFileReference; lastKnownFileType = text.plist.xml; path = Info.plist; sourceTree = "<group>"; };
		C0D9275E25BCD7C4000B70B4 /* CoreDataManager.swift */ = {isa = PBXFileReference; lastKnownFileType = sourcecode.swift; path = CoreDataManager.swift; sourceTree = "<group>"; };
/* End PBXFileReference section */

/* Begin PBXFrameworksBuildPhase section */
		C0D9274025BCD605000B70B4 /* Frameworks */ = {
			isa = PBXFrameworksBuildPhase;
			buildActionMask = 2147483647;
			files = (
			);
			runOnlyForDeploymentPostprocessing = 0;
		};
/* End PBXFrameworksBuildPhase section */

/* Begin PBXGroup section */
		C086F8DD25BE363600465A40 /* Extensions */ = {
			isa = PBXGroup;
			children = (
				C086F8DA25BE362D00465A40 /* NSManagedObjectContext+Ext.swift */,
			);
			path = Extensions;
			sourceTree = "<group>";
		};
		C086F8E525BE466A00465A40 /* View */ = {
			isa = PBXGroup;
			children = (
				C086F8E225BE45AE00465A40 /* AddOrderView.swift */,
			);
			path = View;
			sourceTree = "<group>";
		};
		C086F8E725BE468100465A40 /* View Models */ = {
			isa = PBXGroup;
			children = (
				C086F8DF25BE439800465A40 /* AddOrderViewModel.swift */,
			);
			path = "View Models";
			sourceTree = "<group>";
		};
		C0D9273A25BCD605000B70B4 = {
			isa = PBXGroup;
			children = (
				C0D9274525BCD605000B70B4 /* HotCoffeeApp */,
				C0D9274425BCD605000B70B4 /* Products */,
			);
			sourceTree = "<group>";
		};
		C0D9274425BCD605000B70B4 /* Products */ = {
			isa = PBXGroup;
			children = (
				C0D9274325BCD605000B70B4 /* HotCoffeeApp.app */,
			);
			name = Products;
			sourceTree = "<group>";
		};
		C0D9274525BCD605000B70B4 /* HotCoffeeApp */ = {
			isa = PBXGroup;
			children = (
				C0D9274A25BCD605000B70B4 /* ContentView.swift */,
				C0D9274625BCD605000B70B4 /* AppDelegate.swift */,
				C0D9274825BCD605000B70B4 /* SceneDelegate.swift */,
				C0D9276125BCD7CE000B70B4 /* Manager */,
				C086F8E525BE466A00465A40 /* View */,
				C086F8E725BE468100465A40 /* View Models */,
				C086F8DD25BE363600465A40 /* Extensions */,
				C0D9274F25BCD607000B70B4 /* Assets.xcassets */,
				C0D9275425BCD607000B70B4 /* LaunchScreen.storyboard */,
				C0D9275725BCD607000B70B4 /* Info.plist */,
				C0D9274C25BCD605000B70B4 /* HotCoffeeApp.xcdatamodeld */,
				C0D9275125BCD607000B70B4 /* Preview Content */,
			);
			path = HotCoffeeApp;
			sourceTree = "<group>";
		};
		C0D9275125BCD607000B70B4 /* Preview Content */ = {
			isa = PBXGroup;
			children = (
				C0D9275225BCD607000B70B4 /* Preview Assets.xcassets */,
			);
			path = "Preview Content";
			sourceTree = "<group>";
		};
		C0D9276125BCD7CE000B70B4 /* Manager */ = {
			isa = PBXGroup;
			children = (
				C0D9275E25BCD7C4000B70B4 /* CoreDataManager.swift */,
			);
			path = Manager;
			sourceTree = "<group>";
		};
/* End PBXGroup section */

/* Begin PBXNativeTarget section */
		C0D9274225BCD605000B70B4 /* HotCoffeeApp */ = {
			isa = PBXNativeTarget;
			buildConfigurationList = C0D9275A25BCD607000B70B4 /* Build configuration list for PBXNativeTarget "HotCoffeeApp" */;
			buildPhases = (
				C0D9273F25BCD605000B70B4 /* Sources */,
				C0D9274025BCD605000B70B4 /* Frameworks */,
				C0D9274125BCD605000B70B4 /* Resources */,
			);
			buildRules = (
			);
			dependencies = (
			);
			name = HotCoffeeApp;
			productName = HotCoffeeApp;
			productReference = C0D9274325BCD605000B70B4 /* HotCoffeeApp.app */;
			productType = "com.apple.product-type.application";
		};
/* End PBXNativeTarget section */

/* Begin PBXProject section */
		C0D9273B25BCD605000B70B4 /* Project object */ = {
			isa = PBXProject;
			attributes = {
				LastSwiftUpdateCheck = 1230;
				LastUpgradeCheck = 1230;
				TargetAttributes = {
					C0D9274225BCD605000B70B4 = {
						CreatedOnToolsVersion = 12.3;
					};
				};
			};
			buildConfigurationList = C0D9273E25BCD605000B70B4 /* Build configuration list for PBXProject "HotCoffeeApp" */;
			compatibilityVersion = "Xcode 9.3";
			developmentRegion = en;
			hasScannedForEncodings = 0;
			knownRegions = (
				en,
				Base,
			);
			mainGroup = C0D9273A25BCD605000B70B4;
			productRefGroup = C0D9274425BCD605000B70B4 /* Products */;
			projectDirPath = "";
			projectRoot = "";
			targets = (
				C0D9274225BCD605000B70B4 /* HotCoffeeApp */,
			);
		};
/* End PBXProject section */

/* Begin PBXResourcesBuildPhase section */
		C0D9274125BCD605000B70B4 /* Resources */ = {
			isa = PBXResourcesBuildPhase;
			buildActionMask = 2147483647;
			files = (
				C0D9275625BCD607000B70B4 /* LaunchScreen.storyboard in Resources */,
				C0D9275325BCD607000B70B4 /* Preview Assets.xcassets in Resources */,
				C0D9275025BCD607000B70B4 /* Assets.xcassets in Resources */,
			);
			runOnlyForDeploymentPostprocessing = 0;
		};
/* End PBXResourcesBuildPhase section */

/* Begin PBXSourcesBuildPhase section */
		C0D9273F25BCD605000B70B4 /* Sources */ = {
			isa = PBXSourcesBuildPhase;
			buildActionMask = 2147483647;
			files = (
				C0D9274725BCD605000B70B4 /* AppDelegate.swift in Sources */,
				C0D9274E25BCD605000B70B4 /* HotCoffeeApp.xcdatamodeld in Sources */,
				C086F8DB25BE362D00465A40 /* NSManagedObjectContext+Ext.swift in Sources */,
				C0D9274925BCD605000B70B4 /* SceneDelegate.swift in Sources */,
				C0D9275F25BCD7C4000B70B4 /* CoreDataManager.swift in Sources */,
				C086F8E325BE45AE00465A40 /* AddOrderView.swift in Sources */,
				C086F8E025BE439800465A40 /* AddOrderViewModel.swift in Sources */,
				C0D9274B25BCD605000B70B4 /* ContentView.swift in Sources */,
			);
			runOnlyForDeploymentPostprocessing = 0;
		};
/* End PBXSourcesBuildPhase section */

/* Begin PBXVariantGroup section */
		C0D9275425BCD607000B70B4 /* LaunchScreen.storyboard */ = {
			isa = PBXVariantGroup;
			children = (
				C0D9275525BCD607000B70B4 /* Base */,
			);
			name = LaunchScreen.storyboard;
			sourceTree = "<group>";
		};
/* End PBXVariantGroup section */

/* Begin XCBuildConfiguration section */
		C0D9275825BCD607000B70B4 /* Debug */ = {
			isa = XCBuildConfiguration;
			buildSettings = {
				ALWAYS_SEARCH_USER_PATHS = NO;
				CLANG_ANALYZER_NONNULL = YES;
				CLANG_ANALYZER_NUMBER_OBJECT_CONVERSION = YES_AGGRESSIVE;
				CLANG_CXX_LANGUAGE_STANDARD = "gnu++14";
				CLANG_CXX_LIBRARY = "libc++";
				CLANG_ENABLE_MODULES = YES;
				CLANG_ENABLE_OBJC_ARC = YES;
				CLANG_ENABLE_OBJC_WEAK = YES;
				CLANG_WARN_BLOCK_CAPTURE_AUTORELEASING = YES;
				CLANG_WARN_BOOL_CONVERSION = YES;
				CLANG_WARN_COMMA = YES;
				CLANG_WARN_CONSTANT_CONVERSION = YES;
				CLANG_WARN_DEPRECATED_OBJC_IMPLEMENTATIONS = YES;
				CLANG_WARN_DIRECT_OBJC_ISA_USAGE = YES_ERROR;
				CLANG_WARN_DOCUMENTATION_COMMENTS = YES;
				CLANG_WARN_EMPTY_BODY = YES;
				CLANG_WARN_ENUM_CONVERSION = YES;
				CLANG_WARN_INFINITE_RECURSION = YES;
				CLANG_WARN_INT_CONVERSION = YES;
				CLANG_WARN_NON_LITERAL_NULL_CONVERSION = YES;
				CLANG_WARN_OBJC_IMPLICIT_RETAIN_SELF = YES;
				CLANG_WARN_OBJC_LITERAL_CONVERSION = YES;
				CLANG_WARN_OBJC_ROOT_CLASS = YES_ERROR;
				CLANG_WARN_QUOTED_INCLUDE_IN_FRAMEWORK_HEADER = YES;
				CLANG_WARN_RANGE_LOOP_ANALYSIS = YES;
				CLANG_WARN_STRICT_PROTOTYPES = YES;
				CLANG_WARN_SUSPICIOUS_MOVE = YES;
				CLANG_WARN_UNGUARDED_AVAILABILITY = YES_AGGRESSIVE;
				CLANG_WARN_UNREACHABLE_CODE = YES;
				CLANG_WARN__DUPLICATE_METHOD_MATCH = YES;
				COPY_PHASE_STRIP = NO;
				DEBUG_INFORMATION_FORMAT = dwarf;
				ENABLE_STRICT_OBJC_MSGSEND = YES;
				ENABLE_TESTABILITY = YES;
				GCC_C_LANGUAGE_STANDARD = gnu11;
				GCC_DYNAMIC_NO_PIC = NO;
				GCC_NO_COMMON_BLOCKS = YES;
				GCC_OPTIMIZATION_LEVEL = 0;
				GCC_PREPROCESSOR_DEFINITIONS = (
					"DEBUG=1",
					"$(inherited)",
				);
				GCC_WARN_64_TO_32_BIT_CONVERSION = YES;
				GCC_WARN_ABOUT_RETURN_TYPE = YES_ERROR;
				GCC_WARN_UNDECLARED_SELECTOR = YES;
				GCC_WARN_UNINITIALIZED_AUTOS = YES_AGGRESSIVE;
				GCC_WARN_UNUSED_FUNCTION = YES;
				GCC_WARN_UNUSED_VARIABLE = YES;
				IPHONEOS_DEPLOYMENT_TARGET = 14.3;
				MTL_ENABLE_DEBUG_INFO = INCLUDE_SOURCE;
				MTL_FAST_MATH = YES;
				ONLY_ACTIVE_ARCH = YES;
				SDKROOT = iphoneos;
				SWIFT_ACTIVE_COMPILATION_CONDITIONS = DEBUG;
				SWIFT_OPTIMIZATION_LEVEL = "-Onone";
			};
			name = Debug;
		};
		C0D9275925BCD607000B70B4 /* Release */ = {
			isa = XCBuildConfiguration;
			buildSettings = {
				ALWAYS_SEARCH_USER_PATHS = NO;
				CLANG_ANALYZER_NONNULL = YES;
				CLANG_ANALYZER_NUMBER_OBJECT_CONVERSION = YES_AGGRESSIVE;
				CLANG_CXX_LANGUAGE_STANDARD = "gnu++14";
				CLANG_CXX_LIBRARY = "libc++";
				CLANG_ENABLE_MODULES = YES;
				CLANG_ENABLE_OBJC_ARC = YES;
				CLANG_ENABLE_OBJC_WEAK = YES;
				CLANG_WARN_BLOCK_CAPTURE_AUTORELEASING = YES;
				CLANG_WARN_BOOL_CONVERSION = YES;
				CLANG_WARN_COMMA = YES;
				CLANG_WARN_CONSTANT_CONVERSION = YES;
				CLANG_WARN_DEPRECATED_OBJC_IMPLEMENTATIONS = YES;
				CLANG_WARN_DIRECT_OBJC_ISA_USAGE = YES_ERROR;
				CLANG_WARN_DOCUMENTATION_COMMENTS = YES;
				CLANG_WARN_EMPTY_BODY = YES;
				CLANG_WARN_ENUM_CONVERSION = YES;
				CLANG_WARN_INFINITE_RECURSION = YES;
				CLANG_WARN_INT_CONVERSION = YES;
				CLANG_WARN_NON_LITERAL_NULL_CONVERSION = YES;
				CLANG_WARN_OBJC_IMPLICIT_RETAIN_SELF = YES;
				CLANG_WARN_OBJC_LITERAL_CONVERSION = YES;
				CLANG_WARN_OBJC_ROOT_CLASS = YES_ERROR;
				CLANG_WARN_QUOTED_INCLUDE_IN_FRAMEWORK_HEADER = YES;
				CLANG_WARN_RANGE_LOOP_ANALYSIS = YES;
				CLANG_WARN_STRICT_PROTOTYPES = YES;
				CLANG_WARN_SUSPICIOUS_MOVE = YES;
				CLANG_WARN_UNGUARDED_AVAILABILITY = YES_AGGRESSIVE;
				CLANG_WARN_UNREACHABLE_CODE = YES;
				CLANG_WARN__DUPLICATE_METHOD_MATCH = YES;
				COPY_PHASE_STRIP = NO;
				DEBUG_INFORMATION_FORMAT = "dwarf-with-dsym";
				ENABLE_NS_ASSERTIONS = NO;
				ENABLE_STRICT_OBJC_MSGSEND = YES;
				GCC_C_LANGUAGE_STANDARD = gnu11;
				GCC_NO_COMMON_BLOCKS = YES;
				GCC_WARN_64_TO_32_BIT_CONVERSION = YES;
				GCC_WARN_ABOUT_RETURN_TYPE = YES_ERROR;
				GCC_WARN_UNDECLARED_SELECTOR = YES;
				GCC_WARN_UNINITIALIZED_AUTOS = YES_AGGRESSIVE;
				GCC_WARN_UNUSED_FUNCTION = YES;
				GCC_WARN_UNUSED_VARIABLE = YES;
				IPHONEOS_DEPLOYMENT_TARGET = 14.3;
				MTL_ENABLE_DEBUG_INFO = NO;
				MTL_FAST_MATH = YES;
				SDKROOT = iphoneos;
				SWIFT_COMPILATION_MODE = wholemodule;
				SWIFT_OPTIMIZATION_LEVEL = "-O";
				VALIDATE_PRODUCT = YES;
			};
			name = Release;
		};
		C0D9275B25BCD607000B70B4 /* Debug */ = {
			isa = XCBuildConfiguration;
			buildSettings = {
				ASSETCATALOG_COMPILER_APPICON_NAME = AppIcon;
				ASSETCATALOG_COMPILER_GLOBAL_ACCENT_COLOR_NAME = AccentColor;
				CODE_SIGN_STYLE = Automatic;
				DEVELOPMENT_ASSET_PATHS = "\"HotCoffeeApp/Preview Content\"";
				DEVELOPMENT_TEAM = WRC4QXXN5V;
				ENABLE_PREVIEWS = YES;
				INFOPLIST_FILE = HotCoffeeApp/Info.plist;
				LD_RUNPATH_SEARCH_PATHS = (
					"$(inherited)",
					"@executable_path/Frameworks",
				);
				PRODUCT_BUNDLE_IDENTIFIER = Marie.Kallop.HotCoffeeApp;
				PRODUCT_NAME = "$(TARGET_NAME)";
				SWIFT_VERSION = 5.0;
				TARGETED_DEVICE_FAMILY = "1,2";
			};
			name = Debug;
		};
		C0D9275C25BCD607000B70B4 /* Release */ = {
			isa = XCBuildConfiguration;
			buildSettings = {
				ASSETCATALOG_COMPILER_APPICON_NAME = AppIcon;
				ASSETCATALOG_COMPILER_GLOBAL_ACCENT_COLOR_NAME = AccentColor;
				CODE_SIGN_STYLE = Automatic;
				DEVELOPMENT_ASSET_PATHS = "\"HotCoffeeApp/Preview Content\"";
				DEVELOPMENT_TEAM = WRC4QXXN5V;
				ENABLE_PREVIEWS = YES;
				INFOPLIST_FILE = HotCoffeeApp/Info.plist;
				LD_RUNPATH_SEARCH_PATHS = (
					"$(inherited)",
					"@executable_path/Frameworks",
				);
				PRODUCT_BUNDLE_IDENTIFIER = Marie.Kallop.HotCoffeeApp;
				PRODUCT_NAME = "$(TARGET_NAME)";
				SWIFT_VERSION = 5.0;
				TARGETED_DEVICE_FAMILY = "1,2";
			};
			name = Release;
		};
/* End XCBuildConfiguration section */

/* Begin XCConfigurationList section */
		C0D9273E25BCD605000B70B4 /* Build configuration list for PBXProject "HotCoffeeApp" */ = {
			isa = XCConfigurationList;
			buildConfigurations = (
				C0D9275825BCD607000B70B4 /* Debug */,
				C0D9275925BCD607000B70B4 /* Release */,
			);
			defaultConfigurationIsVisible = 0;
			defaultConfigurationName = Release;
		};
		C0D9275A25BCD607000B70B4 /* Build configuration list for PBXNativeTarget "HotCoffeeApp" */ = {
			isa = XCConfigurationList;
			buildConfigurations = (
				C0D9275B25BCD607000B70B4 /* Debug */,
				C0D9275C25BCD607000B70B4 /* Release */,
			);
			defaultConfigurationIsVisible = 0;
			defaultConfigurationName = Release;
		};
/* End XCConfigurationList section */

/* Begin XCVersionGroup section */
		C0D9274C25BCD605000B70B4 /* HotCoffeeApp.xcdatamodeld */ = {
			isa = XCVersionGroup;
			children = (
				C0D9274D25BCD605000B70B4 /* HotCoffeeApp.xcdatamodel */,
			);
			currentVersion = C0D9274D25BCD605000B70B4 /* HotCoffeeApp.xcdatamodel */;
			path = HotCoffeeApp.xcdatamodeld;
			sourceTree = "<group>";
			versionGroupType = wrapper.xcdatamodel;
		};
/* End XCVersionGroup section */
	};
	rootObject = C0D9273B25BCD605000B70B4 /* Project object */;
}
